
Microsoft Visual Studio Solution File, Format Version 12.00
# Visual Studio Version 17
VisualStudioVersion = 17.7.34003.232
MinimumVisualStudioVersion = 10.0.40219.1
Project("{FAE04EC0-301F-11D3-BF4B-00C04F79EFBC}") = "Static_BarnettLandon", "Static_BarnettLandon\Static_BarnettLandon.csproj", "{905A06D8-B925-4B10-A041-CCD1924BBD50}"
EndProject
Global
	GlobalSection(SolutionConfigurationPlatforms) = preSolution
		Debug|Any CPU = Debug|Any CPU
		Release|Any CPU = Release|Any CPU
	EndGlobalSection
	GlobalSection(ProjectConfigurationPlatforms) = postSolution
		{905A06D8-B925-4B10-A041-CCD1924BBD50}.Debug|Any CPU.ActiveCfg = Debug|Any CPU
		{905A06D8-B925-4B10-A041-CCD1924BBD50}.Debug|Any CPU.Build.0 = Debug|Any CPU
		{905A06D8-B925-4B10-A041-CCD1924BBD50}.Release|Any CPU.ActiveCfg = Release|Any CPU
		{905A06D8-B925-4B10-A041-CCD1924BBD50}.Release|Any CPU.Build.0 = Release|Any CPU
	EndGlobalSection
	GlobalSection(SolutionProperties) = preSolution
		HideSolutionNode = FALSE
	EndGlobalSection
	GlobalSection(ExtensibilityGlobals) = postSolution
		SolutionGuid = {E8EEC36F-4EDE-4E3E-ADB8-9DA59DDE1EA2}
	EndGlobalSection
EndGlobal
